// !$*UTF8*$!
{
	archiveVersion = 1;
	classes = {
	};
	objectVersion = 56;
	objects = {

/* Begin PBXBuildFile section */
		15EECE362C09B2470037EC6C /* chapter_7_8App.swift in Sources */ = {isa = PBXBuildFile; fileRef = 15EECE352C09B2470037EC6C /* chapter_7_8App.swift */; };
		15EECE382C09B2470037EC6C /* ContentView.swift in Sources */ = {isa = PBXBuildFile; fileRef = 15EECE372C09B2470037EC6C /* ContentView.swift */; };
		15EECE3A2C09B2490037EC6C /* Assets.xcassets in Resources */ = {isa = PBXBuildFile; fileRef = 15EECE392C09B2490037EC6C /* Assets.xcassets */; };
		15EECE3D2C09B2490037EC6C /* Preview Assets.xcassets in Resources */ = {isa = PBXBuildFile; fileRef = 15EECE3C2C09B2490037EC6C /* Preview Assets.xcassets */; };
		15EECE442C09CA2E0037EC6C /* BarChart.swift in Sources */ = {isa = PBXBuildFile; fileRef = 15EECE432C09CA2E0037EC6C /* BarChart.swift */; };
		15EECE462C09D85A0037EC6C /* LineChart.swift in Sources */ = {isa = PBXBuildFile; fileRef = 15EECE452C09D85A0037EC6C /* LineChart.swift */; };
		15EECE482C09E02A0037EC6C /* AreaChart.swift in Sources */ = {isa = PBXBuildFile; fileRef = 15EECE472C09E02A0037EC6C /* AreaChart.swift */; };
		15EECE4A2C0A08E00037EC6C /* PointChart.swift in Sources */ = {isa = PBXBuildFile; fileRef = 15EECE492C0A08E00037EC6C /* PointChart.swift */; };
/* End PBXBuildFile section */

/* Begin PBXFileReference section */
		15EECE322C09B2470037EC6C /* chapter-7-8.app */ = {isa = PBXFileReference; explicitFileType = wrapper.application; includeInIndex = 0; path = "chapter-7-8.app"; sourceTree = BUILT_PRODUCTS_DIR; };
		15EECE352C09B2470037EC6C /* chapter_7_8App.swift */ = {isa = PBXFileReference; lastKnownFileType = sourcecode.swift; path = chapter_7_8App.swift; sourceTree = "<group>"; };
		15EECE372C09B2470037EC6C /* ContentView.swift */ = {isa = PBXFileReference; lastKnownFileType = sourcecode.swift; path = ContentView.swift; sourceTree = "<group>"; };
		15EECE392C09B2490037EC6C /* Assets.xcassets */ = {isa = PBXFileReference; lastKnownFileType = folder.assetcatalog; path = Assets.xcassets; sourceTree = "<group>"; };
		15EECE3C2C09B2490037EC6C /* Preview Assets.xcassets */ = {isa = PBXFileReference; lastKnownFileType = folder.assetcatalog; path = "Preview Assets.xcassets"; sourceTree = "<group>"; };
		15EECE432C09CA2E0037EC6C /* BarChart.swift */ = {isa = PBXFileReference; lastKnownFileType = sourcecode.swift; path = BarChart.swift; sourceTree = "<group>"; };
		15EECE452C09D85A0037EC6C /* LineChart.swift */ = {isa = PBXFileReference; lastKnownFileType = sourcecode.swift; path = LineChart.swift; sourceTree = "<group>"; };
		15EECE472C09E02A0037EC6C /* AreaChart.swift */ = {isa = PBXFileReference; lastKnownFileType = sourcecode.swift; path = AreaChart.swift; sourceTree = "<group>"; };
		15EECE492C0A08E00037EC6C /* PointChart.swift */ = {isa = PBXFileReference; lastKnownFileType = sourcecode.swift; path = PointChart.swift; sourceTree = "<group>"; };
/* End PBXFileReference section */

/* Begin PBXFrameworksBuildPhase section */
		15EECE2F2C09B2470037EC6C /* Frameworks */ = {
			isa = PBXFrameworksBuildPhase;
			buildActionMask = 2147483647;
			files = (
			);
			runOnlyForDeploymentPostprocessing = 0;
		};
/* End PBXFrameworksBuildPhase section */

/* Begin PBXGroup section */
		15EECE292C09B2470037EC6C = {
			isa = PBXGroup;
			children = (
				15EECE342C09B2470037EC6C /* chapter-7-8 */,
				15EECE332C09B2470037EC6C /* Products */,
			);
			sourceTree = "<group>";
		};
		15EECE332C09B2470037EC6C /* Products */ = {
			isa = PBXGroup;
			children = (
				15EECE322C09B2470037EC6C /* chapter-7-8.app */,
			);
			name = Products;
			sourceTree = "<group>";
		};
		15EECE342C09B2470037EC6C /* chapter-7-8 */ = {
			isa = PBXGroup;
			children = (
				15EECE352C09B2470037EC6C /* chapter_7_8App.swift */,
				15EECE372C09B2470037EC6C /* ContentView.swift */,
				15EECE452C09D85A0037EC6C /* LineChart.swift */,
				15EECE392C09B2490037EC6C /* Assets.xcassets */,
				15EECE3B2C09B2490037EC6C /* Preview Content */,
				15EECE432C09CA2E0037EC6C /* BarChart.swift */,
				15EECE472C09E02A0037EC6C /* AreaChart.swift */,
				15EECE492C0A08E00037EC6C /* PointChart.swift */,
			);
			path = "chapter-7-8";
			sourceTree = "<group>";
		};
		15EECE3B2C09B2490037EC6C /* Preview Content */ = {
			isa = PBXGroup;
			children = (
				15EECE3C2C09B2490037EC6C /* Preview Assets.xcassets */,
			);
			path = "Preview Content";
			sourceTree = "<group>";
		};
/* End PBXGroup section */

/* Begin PBXNativeTarget section */
		15EECE312C09B2470037EC6C /* chapter-7-8 */ = {
			isa = PBXNativeTarget;
			buildConfigurationList = 15EECE402C09B2490037EC6C /* Build configuration list for PBXNativeTarget "chapter-7-8" */;
			buildPhases = (
				15EECE2E2C09B2470037EC6C /* Sources */,
				15EECE2F2C09B2470037EC6C /* Frameworks */,
				15EECE302C09B2470037EC6C /* Resources */,
			);
			buildRules = (
			);
			dependencies = (
			);
			name = "chapter-7-8";
			productName = "chapter-7-8";
			productReference = 15EECE322C09B2470037EC6C /* chapter-7-8.app */;
			productType = "com.apple.product-type.application";
		};
/* End PBXNativeTarget section */

/* Begin PBXProject section */
		15EECE2A2C09B2470037EC6C /* Project object */ = {
			isa = PBXProject;
			attributes = {
				BuildIndependentTargetsInParallel = 1;
				LastSwiftUpdateCheck = 1530;
				LastUpgradeCheck = 1530;
				TargetAttributes = {
					15EECE312C09B2470037EC6C = {
						CreatedOnToolsVersion = 15.3;
					};
				};
			};
			buildConfigurationList = 15EECE2D2C09B2470037EC6C /* Build configuration list for PBXProject "chapter-7-8" */;
			compatibilityVersion = "Xcode 14.0";
			developmentRegion = en;
			hasScannedForEncodings = 0;
			knownRegions = (
				en,
				Base,
			);
			mainGroup = 15EECE292C09B2470037EC6C;
			productRefGroup = 15EECE332C09B2470037EC6C /* Products */;
			projectDirPath = "";
			projectRoot = "";
			targets = (
				15EECE312C09B2470037EC6C /* chapter-7-8 */,
			);
		};
/* End PBXProject section */

/* Begin PBXResourcesBuildPhase section */
		15EECE302C09B2470037EC6C /* Resources */ = {
			isa = PBXResourcesBuildPhase;
			buildActionMask = 2147483647;
			files = (
				15EECE3D2C09B2490037EC6C /* Preview Assets.xcassets in Resources */,
				15EECE3A2C09B2490037EC6C /* Assets.xcassets in Resources */,
			);
			runOnlyForDeploymentPostprocessing = 0;
		};
/* End PBXResourcesBuildPhase section */

/* Begin PBXSourcesBuildPhase section */
		15EECE2E2C09B2470037EC6C /* Sources */ = {
			isa = PBXSourcesBuildPhase;
			buildActionMask = 2147483647;
			files = (
				15EECE462C09D85A0037EC6C /* LineChart.swift in Sources */,
				15EECE4A2C0A08E00037EC6C /* PointChart.swift in Sources */,
				15EECE482C09E02A0037EC6C /* AreaChart.swift in Sources */,
				15EECE382C09B2470037EC6C /* ContentView.swift in Sources */,
				15EECE442C09CA2E0037EC6C /* BarChart.swift in Sources */,
				15EECE362C09B2470037EC6C /* chapter_7_8App.swift in Sources */,
			);
			runOnlyForDeploymentPostprocessing = 0;
		};
/* End PBXSourcesBuildPhase section */

/* Begin XCBuildConfiguration section */
		15EECE3E2C09B2490037EC6C /* Debug */ = {
			isa = XCBuildConfiguration;
			buildSettings = {
				ALWAYS_SEARCH_USER_PATHS = NO;
				ASSETCATALOG_COMPILER_GENERATE_SWIFT_ASSET_SYMBOL_EXTENSIONS = YES;
				CLANG_ANALYZER_NONNULL = YES;
				CLANG_ANALYZER_NUMBER_OBJECT_CONVERSION = YES_AGGRESSIVE;
				CLANG_CXX_LANGUAGE_STANDARD = "gnu++20";
				CLANG_ENABLE_MODULES = YES;
				CLANG_ENABLE_OBJC_ARC = YES;
				CLANG_ENABLE_OBJC_WEAK = YES;
				CLANG_WARN_BLOCK_CAPTURE_AUTORELEASING = YES;
				CLANG_WARN_BOOL_CONVERSION = YES;
				CLANG_WARN_COMMA = YES;
				CLANG_WARN_CONSTANT_CONVERSION = YES;
				CLANG_WARN_DEPRECATED_OBJC_IMPLEMENTATIONS = YES;
				CLANG_WARN_DIRECT_OBJC_ISA_USAGE = YES_ERROR;
				CLANG_WARN_DOCUMENTATION_COMMENTS = YES;
				CLANG_WARN_EMPTY_BODY = YES;
				CLANG_WARN_ENUM_CONVERSION = YES;
				CLANG_WARN_INFINITE_RECURSION = YES;
				CLANG_WARN_INT_CONVERSION = YES;
				CLANG_WARN_NON_LITERAL_NULL_CONVERSION = YES;
				CLANG_WARN_OBJC_IMPLICIT_RETAIN_SELF = YES;
				CLANG_WARN_OBJC_LITERAL_CONVERSION = YES;
				CLANG_WARN_OBJC_ROOT_CLASS = YES_ERROR;
				CLANG_WARN_QUOTED_INCLUDE_IN_FRAMEWORK_HEADER = YES;
				CLANG_WARN_RANGE_LOOP_ANALYSIS = YES;
				CLANG_WARN_STRICT_PROTOTYPES = YES;
				CLANG_WARN_SUSPICIOUS_MOVE = YES;
				CLANG_WARN_UNGUARDED_AVAILABILITY = YES_AGGRESSIVE;
				CLANG_WARN_UNREACHABLE_CODE = YES;
				CLANG_WARN__DUPLICATE_METHOD_MATCH = YES;
				COPY_PHASE_STRIP = NO;
				DEBUG_INFORMATION_FORMAT = dwarf;
				ENABLE_STRICT_OBJC_MSGSEND = YES;
				ENABLE_TESTABILITY = YES;
				ENABLE_USER_SCRIPT_SANDBOXING = YES;
				GCC_C_LANGUAGE_STANDARD = gnu17;
				GCC_DYNAMIC_NO_PIC = NO;
				GCC_NO_COMMON_BLOCKS = YES;
				GCC_OPTIMIZATION_LEVEL = 0;
				GCC_PREPROCESSOR_DEFINITIONS = (
					"DEBUG=1",
					"$(inherited)",
				);
				GCC_WARN_64_TO_32_BIT_CONVERSION = YES;
				GCC_WARN_ABOUT_RETURN_TYPE = YES_ERROR;
				GCC_WARN_UNDECLARED_SELECTOR = YES;
				GCC_WARN_UNINITIALIZED_AUTOS = YES_AGGRESSIVE;
				GCC_WARN_UNUSED_FUNCTION = YES;
				GCC_WARN_UNUSED_VARIABLE = YES;
				IPHONEOS_DEPLOYMENT_TARGET = 17.4;
				LOCALIZATION_PREFERS_STRING_CATALOGS = YES;
				MTL_ENABLE_DEBUG_INFO = INCLUDE_SOURCE;
				MTL_FAST_MATH = YES;
				ONLY_ACTIVE_ARCH = YES;
				SDKROOT = iphoneos;
				SWIFT_ACTIVE_COMPILATION_CONDITIONS = "DEBUG $(inherited)";
				SWIFT_OPTIMIZATION_LEVEL = "-Onone";
			};
			name = Debug;
		};
		15EECE3F2C09B2490037EC6C /* Release */ = {
			isa = XCBuildConfiguration;
			buildSettings = {
				ALWAYS_SEARCH_USER_PATHS = NO;
				ASSETCATALOG_COMPILER_GENERATE_SWIFT_ASSET_SYMBOL_EXTENSIONS = YES;
				CLANG_ANALYZER_NONNULL = YES;
				CLANG_ANALYZER_NUMBER_OBJECT_CONVERSION = YES_AGGRESSIVE;
				CLANG_CXX_LANGUAGE_STANDARD = "gnu++20";
				CLANG_ENABLE_MODULES = YES;
				CLANG_ENABLE_OBJC_ARC = YES;
				CLANG_ENABLE_OBJC_WEAK = YES;
				CLANG_WARN_BLOCK_CAPTURE_AUTORELEASING = YES;
				CLANG_WARN_BOOL_CONVERSION = YES;
				CLANG_WARN_COMMA = YES;
				CLANG_WARN_CONSTANT_CONVERSION = YES;
				CLANG_WARN_DEPRECATED_OBJC_IMPLEMENTATIONS = YES;
				CLANG_WARN_DIRECT_OBJC_ISA_USAGE = YES_ERROR;
				CLANG_WARN_DOCUMENTATION_COMMENTS = YES;
				CLANG_WARN_EMPTY_BODY = YES;
				CLANG_WARN_ENUM_CONVERSION = YES;
				CLANG_WARN_INFINITE_RECURSION = YES;
				CLANG_WARN_INT_CONVERSION = YES;
				CLANG_WARN_NON_LITERAL_NULL_CONVERSION = YES;
				CLANG_WARN_OBJC_IMPLICIT_RETAIN_SELF = YES;
				CLANG_WARN_OBJC_LITERAL_CONVERSION = YES;
				CLANG_WARN_OBJC_ROOT_CLASS = YES_ERROR;
				CLANG_WARN_QUOTED_INCLUDE_IN_FRAMEWORK_HEADER = YES;
				CLANG_WARN_RANGE_LOOP_ANALYSIS = YES;
				CLANG_WARN_STRICT_PROTOTYPES = YES;
				CLANG_WARN_SUSPICIOUS_MOVE = YES;
				CLANG_WARN_UNGUARDED_AVAILABILITY = YES_AGGRESSIVE;
				CLANG_WARN_UNREACHABLE_CODE = YES;
				CLANG_WARN__DUPLICATE_METHOD_MATCH = YES;
				COPY_PHASE_STRIP = NO;
				DEBUG_INFORMATION_FORMAT = "dwarf-with-dsym";
				ENABLE_NS_ASSERTIONS = NO;
				ENABLE_STRICT_OBJC_MSGSEND = YES;
				ENABLE_USER_SCRIPT_SANDBOXING = YES;
				GCC_C_LANGUAGE_STANDARD = gnu17;
				GCC_NO_COMMON_BLOCKS = YES;
				GCC_WARN_64_TO_32_BIT_CONVERSION = YES;
				GCC_WARN_ABOUT_RETURN_TYPE = YES_ERROR;
				GCC_WARN_UNDECLARED_SELECTOR = YES;
				GCC_WARN_UNINITIALIZED_AUTOS = YES_AGGRESSIVE;
				GCC_WARN_UNUSED_FUNCTION = YES;
				GCC_WARN_UNUSED_VARIABLE = YES;
				IPHONEOS_DEPLOYMENT_TARGET = 17.4;
				LOCALIZATION_PREFERS_STRING_CATALOGS = YES;
				MTL_ENABLE_DEBUG_INFO = NO;
				MTL_FAST_MATH = YES;
				SDKROOT = iphoneos;
				SWIFT_COMPILATION_MODE = wholemodule;
				VALIDATE_PRODUCT = YES;
			};
			name = Release;
		};
		15EECE412C09B2490037EC6C /* Debug */ = {
			isa = XCBuildConfiguration;
			buildSettings = {
				ASSETCATALOG_COMPILER_APPICON_NAME = AppIcon;
				ASSETCATALOG_COMPILER_GLOBAL_ACCENT_COLOR_NAME = AccentColor;
				CODE_SIGN_STYLE = Automatic;
				CURRENT_PROJECT_VERSION = 1;
				DEVELOPMENT_ASSET_PATHS = "\"chapter-7-8/Preview Content\"";
				DEVELOPMENT_TEAM = 8JV6WJXYQU;
				ENABLE_PREVIEWS = YES;
				GENERATE_INFOPLIST_FILE = YES;
				INFOPLIST_KEY_UIApplicationSceneManifest_Generation = YES;
				INFOPLIST_KEY_UIApplicationSupportsIndirectInputEvents = YES;
				INFOPLIST_KEY_UILaunchScreen_Generation = YES;
				INFOPLIST_KEY_UISupportedInterfaceOrientations_iPad = "UIInterfaceOrientationPortrait UIInterfaceOrientationPortraitUpsideDown UIInterfaceOrientationLandscapeLeft UIInterfaceOrientationLandscapeRight";
				INFOPLIST_KEY_UISupportedInterfaceOrientations_iPhone = "UIInterfaceOrientationPortrait UIInterfaceOrientationLandscapeLeft UIInterfaceOrientationLandscapeRight";
				LD_RUNPATH_SEARCH_PATHS = (
					"$(inherited)",
					"@executable_path/Frameworks",
				);
				MARKETING_VERSION = 1.0;
				PRODUCT_BUNDLE_IDENTIFIER = "sanpawat.s.chapter-7-8";
				PRODUCT_NAME = "$(TARGET_NAME)";
				SWIFT_EMIT_LOC_STRINGS = YES;
				SWIFT_VERSION = 5.0;
				TARGETED_DEVICE_FAMILY = "1,2";
			};
			name = Debug;
		};
		15EECE422C09B2490037EC6C /* Release */ = {
			isa = XCBuildConfiguration;
			buildSettings = {
				ASSETCATALOG_COMPILER_APPICON_NAME = AppIcon;
				ASSETCATALOG_COMPILER_GLOBAL_ACCENT_COLOR_NAME = AccentColor;
				CODE_SIGN_STYLE = Automatic;
				CURRENT_PROJECT_VERSION = 1;
				DEVELOPMENT_ASSET_PATHS = "\"chapter-7-8/Preview Content\"";
				DEVELOPMENT_TEAM = 8JV6WJXYQU;
				ENABLE_PREVIEWS = YES;
				GENERATE_INFOPLIST_FILE = YES;
				INFOPLIST_KEY_UIApplicationSceneManifest_Generation = YES;
				INFOPLIST_KEY_UIApplicationSupportsIndirectInputEvents = YES;
				INFOPLIST_KEY_UILaunchScreen_Generation = YES;
				INFOPLIST_KEY_UISupportedInterfaceOrientations_iPad = "UIInterfaceOrientationPortrait UIInterfaceOrientationPortraitUpsideDown UIInterfaceOrientationLandscapeLeft UIInterfaceOrientationLandscapeRight";
				INFOPLIST_KEY_UISupportedInterfaceOrientations_iPhone = "UIInterfaceOrientationPortrait UIInterfaceOrientationLandscapeLeft UIInterfaceOrientationLandscapeRight";
				LD_RUNPATH_SEARCH_PATHS = (
					"$(inherited)",
					"@executable_path/Frameworks",
				);
				MARKETING_VERSION = 1.0;
				PRODUCT_BUNDLE_IDENTIFIER = "sanpawat.s.chapter-7-8";
				PRODUCT_NAME = "$(TARGET_NAME)";
				SWIFT_EMIT_LOC_STRINGS = YES;
				SWIFT_VERSION = 5.0;
				TARGETED_DEVICE_FAMILY = "1,2";
			};
			name = Release;
		};
/* End XCBuildConfiguration section */

/* Begin XCConfigurationList section */
		15EECE2D2C09B2470037EC6C /* Build configuration list for PBXProject "chapter-7-8" */ = {
			isa = XCConfigurationList;
			buildConfigurations = (
				15EECE3E2C09B2490037EC6C /* Debug */,
				15EECE3F2C09B2490037EC6C /* Release */,
			);
			defaultConfigurationIsVisible = 0;
			defaultConfigurationName = Release;
		};
		15EECE402C09B2490037EC6C /* Build configuration list for PBXNativeTarget "chapter-7-8" */ = {
			isa = XCConfigurationList;
			buildConfigurations = (
				15EECE412C09B2490037EC6C /* Debug */,
				15EECE422C09B2490037EC6C /* Release */,
			);
			defaultConfigurationIsVisible = 0;
			defaultConfigurationName = Release;
		};
/* End XCConfigurationList section */
	};
	rootObject = 15EECE2A2C09B2470037EC6C /* Project object */;
}
